
Microsoft Visual Studio Solution File, Format Version 12.00
# Visual Studio Version 17
VisualStudioVersion = 17.4.33122.133
MinimumVisualStudioVersion = 10.0.40219.1
Project("{FAE04EC0-301F-11D3-BF4B-00C04F79EFBC}") = "bill", "bill\bill.csproj", "{7E3271A9-F159-4FF6-9166-E8F3BF48CCFF}"
EndProject
Global
	GlobalSection(SolutionConfigurationPlatforms) = preSolution
		Debug|Any CPU = Debug|Any CPU
		Release|Any CPU = Release|Any CPU
	EndGlobalSection
	GlobalSection(ProjectConfigurationPlatforms) = postSolution
		{7E3271A9-F159-4FF6-9166-E8F3BF48CCFF}.Debug|Any CPU.ActiveCfg = Debug|Any CPU
		{7E3271A9-F159-4FF6-9166-E8F3BF48CCFF}.Debug|Any CPU.Build.0 = Debug|Any CPU
		{7E3271A9-F159-4FF6-9166-E8F3BF48CCFF}.Release|Any CPU.ActiveCfg = Release|Any CPU
		{7E3271A9-F159-4FF6-9166-E8F3BF48CCFF}.Release|Any CPU.Build.0 = Release|Any CPU
	EndGlobalSection
	GlobalSection(SolutionProperties) = preSolution
		HideSolutionNode = FALSE
	EndGlobalSection
	GlobalSection(ExtensibilityGlobals) = postSolution
		SolutionGuid = {1EF42D10-51B6-442B-9A7D-9C5ACD4F9165}
	EndGlobalSection
EndGlobal
